// !$*UTF8*$!
{
	archiveVersion = 1;
	classes = {
	};
	objectVersion = 51;
	objects = {

/* Begin PBXBuildFile section */
		453B623A247D2A5900CACF5F /* SetPhotoViewController.swift in Sources */ = {isa = PBXBuildFile; fileRef = 453B6239247D2A5900CACF5F /* SetPhotoViewController.swift */; };
		45510A05247FA2EA005B1222 /* TextFieldTableViewCell.swift in Sources */ = {isa = PBXBuildFile; fileRef = 45510A03247FA2EA005B1222 /* TextFieldTableViewCell.swift */; };
		45510A06247FA2EA005B1222 /* TextFieldTableViewCell.xib in Resources */ = {isa = PBXBuildFile; fileRef = 45510A04247FA2EA005B1222 /* TextFieldTableViewCell.xib */; };
		45510A462480EFCD005B1222 /* DatePickerViewController.swift in Sources */ = {isa = PBXBuildFile; fileRef = 45510A452480EFCD005B1222 /* DatePickerViewController.swift */; };
		4552125624765C34007B1196 /* AppDelegate.swift in Sources */ = {isa = PBXBuildFile; fileRef = 4552125524765C34007B1196 /* AppDelegate.swift */; };
		4552125824765C34007B1196 /* SceneDelegate.swift in Sources */ = {isa = PBXBuildFile; fileRef = 4552125724765C34007B1196 /* SceneDelegate.swift */; };
		4552125A24765C34007B1196 /* LoginSignupViewController.swift in Sources */ = {isa = PBXBuildFile; fileRef = 4552125924765C34007B1196 /* LoginSignupViewController.swift */; };
		4552125D24765C34007B1196 /* Main.storyboard in Resources */ = {isa = PBXBuildFile; fileRef = 4552125B24765C34007B1196 /* Main.storyboard */; };
		4552125F24765C36007B1196 /* Assets.xcassets in Resources */ = {isa = PBXBuildFile; fileRef = 4552125E24765C36007B1196 /* Assets.xcassets */; };
		4552126224765C36007B1196 /* LaunchScreen.storyboard in Resources */ = {isa = PBXBuildFile; fileRef = 4552126024765C36007B1196 /* LaunchScreen.storyboard */; };
		4552126C24765F0D007B1196 /* HomeSceenViewController.swift in Sources */ = {isa = PBXBuildFile; fileRef = 4552126B24765F0D007B1196 /* HomeSceenViewController.swift */; };
		4552126E24766608007B1196 /* GoogleService-Info.plist in Resources */ = {isa = PBXBuildFile; fileRef = 4552126D24766608007B1196 /* GoogleService-Info.plist */; };
		45728BDB248A5176004DBAD6 /* UserProfile.swift in Sources */ = {isa = PBXBuildFile; fileRef = 45728BDA248A5176004DBAD6 /* UserProfile.swift */; };
		458F80942477B52900822050 /* GiftInfoViewController.swift in Sources */ = {isa = PBXBuildFile; fileRef = 458F80932477B52900822050 /* GiftInfoViewController.swift */; };
		459FE2EF248F7B8E0032F361 /* PersonInfoTableViewCell.swift in Sources */ = {isa = PBXBuildFile; fileRef = 459FE2ED248F7B8E0032F361 /* PersonInfoTableViewCell.swift */; };
		459FE2F0248F7B8E0032F361 /* PersonInfoTableViewCell.xib in Resources */ = {isa = PBXBuildFile; fileRef = 459FE2EE248F7B8E0032F361 /* PersonInfoTableViewCell.xib */; };
		459FE2F9248F7EDC0032F361 /* GiftCollectionViewCell.swift in Sources */ = {isa = PBXBuildFile; fileRef = 459FE2F7248F7EDC0032F361 /* GiftCollectionViewCell.swift */; };
		459FE2FA248F7EDC0032F361 /* GiftCollectionViewCell.xib in Resources */ = {isa = PBXBuildFile; fileRef = 459FE2F8248F7EDC0032F361 /* GiftCollectionViewCell.xib */; };
		459FE2FD248F800C0032F361 /* EmptyGiftCollectionViewCell.swift in Sources */ = {isa = PBXBuildFile; fileRef = 459FE2FB248F800C0032F361 /* EmptyGiftCollectionViewCell.swift */; };
		459FE2FE248F800C0032F361 /* EmptyGiftCollectionViewCell.xib in Resources */ = {isa = PBXBuildFile; fileRef = 459FE2FC248F800C0032F361 /* EmptyGiftCollectionViewCell.xib */; };
		459FE302248F813F0032F361 /* GIftModel.swift in Sources */ = {isa = PBXBuildFile; fileRef = 459FE301248F813F0032F361 /* GIftModel.swift */; };
		459FE304248F85FA0032F361 /* Constants.swift in Sources */ = {isa = PBXBuildFile; fileRef = 459FE303248F85FA0032F361 /* Constants.swift */; };
		459FE30E24912E0B0032F361 /* ExtraInformationViewController.swift in Sources */ = {isa = PBXBuildFile; fileRef = 459FE30D24912E0B0032F361 /* ExtraInformationViewController.swift */; };
		459FE3102491341D0032F361 /* GiftViewController.swift in Sources */ = {isa = PBXBuildFile; fileRef = 459FE30F2491341D0032F361 /* GiftViewController.swift */; };
		459FE3142493A5030032F361 /* AddNewDetailsToPersonViewController.swift in Sources */ = {isa = PBXBuildFile; fileRef = 459FE3132493A5030032F361 /* AddNewDetailsToPersonViewController.swift */; };
		45C84BB4247E6B6700146F3A /* AddNewGiftViewController.swift in Sources */ = {isa = PBXBuildFile; fileRef = 45C84BB3247E6B6700146F3A /* AddNewGiftViewController.swift */; };
		C20938A009498604365CC646 /* Pods_GiftList.framework in Frameworks */ = {isa = PBXBuildFile; fileRef = 56A0B135D93C2BE4B9CD5F5F /* Pods_GiftList.framework */; };
/* End PBXBuildFile section */

/* Begin PBXFileReference section */
		3EA7DC67C018309FD44C3884 /* Pods-GiftList.release.xcconfig */ = {isa = PBXFileReference; includeInIndex = 1; lastKnownFileType = text.xcconfig; name = "Pods-GiftList.release.xcconfig"; path = "Target Support Files/Pods-GiftList/Pods-GiftList.release.xcconfig"; sourceTree = "<group>"; };
		453B6239247D2A5900CACF5F /* SetPhotoViewController.swift */ = {isa = PBXFileReference; lastKnownFileType = sourcecode.swift; path = SetPhotoViewController.swift; sourceTree = "<group>"; };
		45510A03247FA2EA005B1222 /* TextFieldTableViewCell.swift */ = {isa = PBXFileReference; lastKnownFileType = sourcecode.swift; path = TextFieldTableViewCell.swift; sourceTree = "<group>"; };
		45510A04247FA2EA005B1222 /* TextFieldTableViewCell.xib */ = {isa = PBXFileReference; lastKnownFileType = file.xib; path = TextFieldTableViewCell.xib; sourceTree = "<group>"; };
		45510A452480EFCD005B1222 /* DatePickerViewController.swift */ = {isa = PBXFileReference; lastKnownFileType = sourcecode.swift; path = DatePickerViewController.swift; sourceTree = "<group>"; };
		4552125224765C34007B1196 /* GiftList.app */ = {isa = PBXFileReference; explicitFileType = wrapper.application; includeInIndex = 0; path = GiftList.app; sourceTree = BUILT_PRODUCTS_DIR; };
		4552125524765C34007B1196 /* AppDelegate.swift */ = {isa = PBXFileReference; lastKnownFileType = sourcecode.swift; path = AppDelegate.swift; sourceTree = "<group>"; };
		4552125724765C34007B1196 /* SceneDelegate.swift */ = {isa = PBXFileReference; lastKnownFileType = sourcecode.swift; path = SceneDelegate.swift; sourceTree = "<group>"; };
		4552125924765C34007B1196 /* LoginSignupViewController.swift */ = {isa = PBXFileReference; lastKnownFileType = sourcecode.swift; path = LoginSignupViewController.swift; sourceTree = "<group>"; };
		4552125C24765C34007B1196 /* Base */ = {isa = PBXFileReference; lastKnownFileType = file.storyboard; name = Base; path = Base.lproj/Main.storyboard; sourceTree = "<group>"; };
		4552125E24765C36007B1196 /* Assets.xcassets */ = {isa = PBXFileReference; lastKnownFileType = folder.assetcatalog; path = Assets.xcassets; sourceTree = "<group>"; };
		4552126124765C36007B1196 /* Base */ = {isa = PBXFileReference; lastKnownFileType = file.storyboard; name = Base; path = Base.lproj/LaunchScreen.storyboard; sourceTree = "<group>"; };
		4552126324765C36007B1196 /* Info.plist */ = {isa = PBXFileReference; lastKnownFileType = text.plist.xml; path = Info.plist; sourceTree = "<group>"; };
		4552126B24765F0D007B1196 /* HomeSceenViewController.swift */ = {isa = PBXFileReference; lastKnownFileType = sourcecode.swift; path = HomeSceenViewController.swift; sourceTree = "<group>"; };
		4552126D24766608007B1196 /* GoogleService-Info.plist */ = {isa = PBXFileReference; fileEncoding = 4; lastKnownFileType = text.plist.xml; path = "GoogleService-Info.plist"; sourceTree = "<group>"; };
		45728BDA248A5176004DBAD6 /* UserProfile.swift */ = {isa = PBXFileReference; lastKnownFileType = sourcecode.swift; path = UserProfile.swift; sourceTree = "<group>"; };
		458F80932477B52900822050 /* GiftInfoViewController.swift */ = {isa = PBXFileReference; lastKnownFileType = sourcecode.swift; path = GiftInfoViewController.swift; sourceTree = "<group>"; };
		459FE2ED248F7B8E0032F361 /* PersonInfoTableViewCell.swift */ = {isa = PBXFileReference; lastKnownFileType = sourcecode.swift; path = PersonInfoTableViewCell.swift; sourceTree = "<group>"; };
		459FE2EE248F7B8E0032F361 /* PersonInfoTableViewCell.xib */ = {isa = PBXFileReference; lastKnownFileType = file.xib; path = PersonInfoTableViewCell.xib; sourceTree = "<group>"; };
		459FE2F7248F7EDC0032F361 /* GiftCollectionViewCell.swift */ = {isa = PBXFileReference; lastKnownFileType = sourcecode.swift; path = GiftCollectionViewCell.swift; sourceTree = "<group>"; };
		459FE2F8248F7EDC0032F361 /* GiftCollectionViewCell.xib */ = {isa = PBXFileReference; lastKnownFileType = file.xib; path = GiftCollectionViewCell.xib; sourceTree = "<group>"; };
		459FE2FB248F800C0032F361 /* EmptyGiftCollectionViewCell.swift */ = {isa = PBXFileReference; lastKnownFileType = sourcecode.swift; path = EmptyGiftCollectionViewCell.swift; sourceTree = "<group>"; };
		459FE2FC248F800C0032F361 /* EmptyGiftCollectionViewCell.xib */ = {isa = PBXFileReference; lastKnownFileType = file.xib; path = EmptyGiftCollectionViewCell.xib; sourceTree = "<group>"; };
		459FE301248F813F0032F361 /* GIftModel.swift */ = {isa = PBXFileReference; lastKnownFileType = sourcecode.swift; path = GIftModel.swift; sourceTree = "<group>"; };
		459FE303248F85FA0032F361 /* Constants.swift */ = {isa = PBXFileReference; lastKnownFileType = sourcecode.swift; path = Constants.swift; sourceTree = "<group>"; };
		459FE30D24912E0B0032F361 /* ExtraInformationViewController.swift */ = {isa = PBXFileReference; lastKnownFileType = sourcecode.swift; path = ExtraInformationViewController.swift; sourceTree = "<group>"; };
		459FE30F2491341D0032F361 /* GiftViewController.swift */ = {isa = PBXFileReference; lastKnownFileType = sourcecode.swift; path = GiftViewController.swift; sourceTree = "<group>"; };
		459FE3132493A5030032F361 /* AddNewDetailsToPersonViewController.swift */ = {isa = PBXFileReference; lastKnownFileType = sourcecode.swift; path = AddNewDetailsToPersonViewController.swift; sourceTree = "<group>"; };
		45C84BB3247E6B6700146F3A /* AddNewGiftViewController.swift */ = {isa = PBXFileReference; lastKnownFileType = sourcecode.swift; path = AddNewGiftViewController.swift; sourceTree = "<group>"; };
		56A0B135D93C2BE4B9CD5F5F /* Pods_GiftList.framework */ = {isa = PBXFileReference; explicitFileType = wrapper.framework; includeInIndex = 0; path = Pods_GiftList.framework; sourceTree = BUILT_PRODUCTS_DIR; };
		F4489F33EAF7BF70C48018B3 /* Pods-GiftList.debug.xcconfig */ = {isa = PBXFileReference; includeInIndex = 1; lastKnownFileType = text.xcconfig; name = "Pods-GiftList.debug.xcconfig"; path = "Target Support Files/Pods-GiftList/Pods-GiftList.debug.xcconfig"; sourceTree = "<group>"; };
/* End PBXFileReference section */

/* Begin PBXFrameworksBuildPhase section */
		4552124F24765C34007B1196 /* Frameworks */ = {
			isa = PBXFrameworksBuildPhase;
			buildActionMask = 2147483647;
			files = (
				C20938A009498604365CC646 /* Pods_GiftList.framework in Frameworks */,
			);
			runOnlyForDeploymentPostprocessing = 0;
		};
/* End PBXFrameworksBuildPhase section */

/* Begin PBXGroup section */
		000A38068565742D107EFFF6 /* Frameworks */ = {
			isa = PBXGroup;
			children = (
				56A0B135D93C2BE4B9CD5F5F /* Pods_GiftList.framework */,
			);
			name = Frameworks;
			sourceTree = "<group>";
		};
		135DF8A4B87DABBF2DBEF8D6 /* Pods */ = {
			isa = PBXGroup;
			children = (
				F4489F33EAF7BF70C48018B3 /* Pods-GiftList.debug.xcconfig */,
				3EA7DC67C018309FD44C3884 /* Pods-GiftList.release.xcconfig */,
			);
			path = Pods;
			sourceTree = "<group>";
		};
		4552124924765C34007B1196 = {
			isa = PBXGroup;
			children = (
				4552125424765C34007B1196 /* GiftList */,
				4552125324765C34007B1196 /* Products */,
				135DF8A4B87DABBF2DBEF8D6 /* Pods */,
				000A38068565742D107EFFF6 /* Frameworks */,
			);
			sourceTree = "<group>";
		};
		4552125324765C34007B1196 /* Products */ = {
			isa = PBXGroup;
			children = (
				4552125224765C34007B1196 /* GiftList.app */,
			);
			name = Products;
			sourceTree = "<group>";
		};
		4552125424765C34007B1196 /* GiftList */ = {
			isa = PBXGroup;
			children = (
				458F809A247BAD6B00822050 /* Support */,
				458F8097247BAD3000822050 /* ViewControllers */,
				458F8099247BAD5700822050 /* View */,
				458F8098247BAD3E00822050 /* Model */,
				4552126324765C36007B1196 /* Info.plist */,
				4552126D24766608007B1196 /* GoogleService-Info.plist */,
			);
			path = GiftList;
			sourceTree = "<group>";
		};
		458F8097247BAD3000822050 /* ViewControllers */ = {
			isa = PBXGroup;
			children = (
				4552125924765C34007B1196 /* LoginSignupViewController.swift */,
				4552126B24765F0D007B1196 /* HomeSceenViewController.swift */,
				45C84BB3247E6B6700146F3A /* AddNewGiftViewController.swift */,
				453B6239247D2A5900CACF5F /* SetPhotoViewController.swift */,
				45510A452480EFCD005B1222 /* DatePickerViewController.swift */,
				458F80932477B52900822050 /* GiftInfoViewController.swift */,
				459FE30D24912E0B0032F361 /* ExtraInformationViewController.swift */,
				459FE3132493A5030032F361 /* AddNewDetailsToPersonViewController.swift */,
				459FE30F2491341D0032F361 /* GiftViewController.swift */,
			);
			path = ViewControllers;
			sourceTree = "<group>";
		};
		458F8098247BAD3E00822050 /* Model */ = {
			isa = PBXGroup;
			children = (
				45728BDA248A5176004DBAD6 /* UserProfile.swift */,
				459FE301248F813F0032F361 /* GIftModel.swift */,
			);
			path = Model;
			sourceTree = "<group>";
		};
		458F8099247BAD5700822050 /* View */ = {
			isa = PBXGroup;
			children = (
				45510A03247FA2EA005B1222 /* TextFieldTableViewCell.swift */,
				45510A04247FA2EA005B1222 /* TextFieldTableViewCell.xib */,
				459FE2ED248F7B8E0032F361 /* PersonInfoTableViewCell.swift */,
				459FE2EE248F7B8E0032F361 /* PersonInfoTableViewCell.xib */,
				459FE2F7248F7EDC0032F361 /* GiftCollectionViewCell.swift */,
				459FE2F8248F7EDC0032F361 /* GiftCollectionViewCell.xib */,
				459FE2FB248F800C0032F361 /* EmptyGiftCollectionViewCell.swift */,
				459FE2FC248F800C0032F361 /* EmptyGiftCollectionViewCell.xib */,
				4552125B24765C34007B1196 /* Main.storyboard */,
				4552125E24765C36007B1196 /* Assets.xcassets */,
				4552126024765C36007B1196 /* LaunchScreen.storyboard */,
			);
			path = View;
			sourceTree = "<group>";
		};
		458F809A247BAD6B00822050 /* Support */ = {
			isa = PBXGroup;
			children = (
				4552125524765C34007B1196 /* AppDelegate.swift */,
				4552125724765C34007B1196 /* SceneDelegate.swift */,
				459FE303248F85FA0032F361 /* Constants.swift */,
			);
			path = Support;
			sourceTree = "<group>";
		};
/* End PBXGroup section */

/* Begin PBXNativeTarget section */
		4552125124765C34007B1196 /* GiftList */ = {
			isa = PBXNativeTarget;
			buildConfigurationList = 4552126624765C36007B1196 /* Build configuration list for PBXNativeTarget "GiftList" */;
			buildPhases = (
				C919F8CD33BF259EE35FC01C /* [CP] Check Pods Manifest.lock */,
				4552124E24765C34007B1196 /* Sources */,
				4552124F24765C34007B1196 /* Frameworks */,
				4552125024765C34007B1196 /* Resources */,
				FDB66E27ABC1669F81E6D8EF /* [CP] Embed Pods Frameworks */,
			);
			buildRules = (
			);
			dependencies = (
			);
			name = GiftList;
			productName = GiftList;
			productReference = 4552125224765C34007B1196 /* GiftList.app */;
			productType = "com.apple.product-type.application";
		};
/* End PBXNativeTarget section */

/* Begin PBXProject section */
		4552124A24765C34007B1196 /* Project object */ = {
			isa = PBXProject;
			attributes = {
				LastSwiftUpdateCheck = 1140;
				LastUpgradeCheck = 1140;
				ORGANIZATIONNAME = JirkaSmela;
				TargetAttributes = {
					4552125124765C34007B1196 = {
						CreatedOnToolsVersion = 11.4.1;
					};
				};
			};
			buildConfigurationList = 4552124D24765C34007B1196 /* Build configuration list for PBXProject "GiftList" */;
			compatibilityVersion = "Xcode 9.3";
			developmentRegion = en;
			hasScannedForEncodings = 0;
			knownRegions = (
				en,
				Base,
			);
			mainGroup = 4552124924765C34007B1196;
			productRefGroup = 4552125324765C34007B1196 /* Products */;
			projectDirPath = "";
			projectRoot = "";
			targets = (
				4552125124765C34007B1196 /* GiftList */,
			);
		};
/* End PBXProject section */

/* Begin PBXResourcesBuildPhase section */
		4552125024765C34007B1196 /* Resources */ = {
			isa = PBXResourcesBuildPhase;
			buildActionMask = 2147483647;
			files = (
				459FE2F0248F7B8E0032F361 /* PersonInfoTableViewCell.xib in Resources */,
				4552126224765C36007B1196 /* LaunchScreen.storyboard in Resources */,
				459FE2FE248F800C0032F361 /* EmptyGiftCollectionViewCell.xib in Resources */,
				4552126E24766608007B1196 /* GoogleService-Info.plist in Resources */,
				459FE2FA248F7EDC0032F361 /* GiftCollectionViewCell.xib in Resources */,
				45510A06247FA2EA005B1222 /* TextFieldTableViewCell.xib in Resources */,
				4552125F24765C36007B1196 /* Assets.xcassets in Resources */,
				4552125D24765C34007B1196 /* Main.storyboard in Resources */,
			);
			runOnlyForDeploymentPostprocessing = 0;
		};
/* End PBXResourcesBuildPhase section */

/* Begin PBXShellScriptBuildPhase section */
		C919F8CD33BF259EE35FC01C /* [CP] Check Pods Manifest.lock */ = {
			isa = PBXShellScriptBuildPhase;
			buildActionMask = 2147483647;
			files = (
			);
			inputFileListPaths = (
			);
			inputPaths = (
				"${PODS_PODFILE_DIR_PATH}/Podfile.lock",
				"${PODS_ROOT}/Manifest.lock",
			);
			name = "[CP] Check Pods Manifest.lock";
			outputFileListPaths = (
			);
			outputPaths = (
				"$(DERIVED_FILE_DIR)/Pods-GiftList-checkManifestLockResult.txt",
			);
			runOnlyForDeploymentPostprocessing = 0;
			shellPath = /bin/sh;
			shellScript = "diff \"${PODS_PODFILE_DIR_PATH}/Podfile.lock\" \"${PODS_ROOT}/Manifest.lock\" > /dev/null\nif [ $? != 0 ] ; then\n    # print error to STDERR\n    echo \"error: The sandbox is not in sync with the Podfile.lock. Run 'pod install' or update your CocoaPods installation.\" >&2\n    exit 1\nfi\n# This output is used by Xcode 'outputs' to avoid re-running this script phase.\necho \"SUCCESS\" > \"${SCRIPT_OUTPUT_FILE_0}\"\n";
			showEnvVarsInLog = 0;
		};
		FDB66E27ABC1669F81E6D8EF /* [CP] Embed Pods Frameworks */ = {
			isa = PBXShellScriptBuildPhase;
			buildActionMask = 2147483647;
			files = (
			);
			inputFileListPaths = (
				"${PODS_ROOT}/Target Support Files/Pods-GiftList/Pods-GiftList-frameworks-${CONFIGURATION}-input-files.xcfilelist",
			);
			name = "[CP] Embed Pods Frameworks";
			outputFileListPaths = (
				"${PODS_ROOT}/Target Support Files/Pods-GiftList/Pods-GiftList-frameworks-${CONFIGURATION}-output-files.xcfilelist",
			);
			runOnlyForDeploymentPostprocessing = 0;
			shellPath = /bin/sh;
			shellScript = "\"${PODS_ROOT}/Target Support Files/Pods-GiftList/Pods-GiftList-frameworks.sh\"\n";
			showEnvVarsInLog = 0;
		};
/* End PBXShellScriptBuildPhase section */

/* Begin PBXSourcesBuildPhase section */
		4552124E24765C34007B1196 /* Sources */ = {
			isa = PBXSourcesBuildPhase;
			buildActionMask = 2147483647;
			files = (
				459FE30E24912E0B0032F361 /* ExtraInformationViewController.swift in Sources */,
				4552125A24765C34007B1196 /* LoginSignupViewController.swift in Sources */,
				4552125624765C34007B1196 /* AppDelegate.swift in Sources */,
				4552126C24765F0D007B1196 /* HomeSceenViewController.swift in Sources */,
				459FE2FD248F800C0032F361 /* EmptyGiftCollectionViewCell.swift in Sources */,
				459FE302248F813F0032F361 /* GIftModel.swift in Sources */,
				458F80942477B52900822050 /* GiftInfoViewController.swift in Sources */,
				459FE2F9248F7EDC0032F361 /* GiftCollectionViewCell.swift in Sources */,
				459FE2EF248F7B8E0032F361 /* PersonInfoTableViewCell.swift in Sources */,
				453B623A247D2A5900CACF5F /* SetPhotoViewController.swift in Sources */,
				4552125824765C34007B1196 /* SceneDelegate.swift in Sources */,
				45728BDB248A5176004DBAD6 /* UserProfile.swift in Sources */,
				45510A462480EFCD005B1222 /* DatePickerViewController.swift in Sources */,
				45C84BB4247E6B6700146F3A /* AddNewGiftViewController.swift in Sources */,
				459FE3142493A5030032F361 /* AddNewDetailsToPersonViewController.swift in Sources */,
				45510A05247FA2EA005B1222 /* TextFieldTableViewCell.swift in Sources */,
				459FE3102491341D0032F361 /* GiftViewController.swift in Sources */,
				459FE304248F85FA0032F361 /* Constants.swift in Sources */,
			);
			runOnlyForDeploymentPostprocessing = 0;
		};
/* End PBXSourcesBuildPhase section */

/* Begin PBXVariantGroup section */
		4552125B24765C34007B1196 /* Main.storyboard */ = {
			isa = PBXVariantGroup;
			children = (
				4552125C24765C34007B1196 /* Base */,
			);
			name = Main.storyboard;
			sourceTree = "<group>";
		};
		4552126024765C36007B1196 /* LaunchScreen.storyboard */ = {
			isa = PBXVariantGroup;
			children = (
				4552126124765C36007B1196 /* Base */,
			);
			name = LaunchScreen.storyboard;
			sourceTree = "<group>";
		};
/* End PBXVariantGroup section */

/* Begin XCBuildConfiguration section */
		4552126424765C36007B1196 /* Debug */ = {
			isa = XCBuildConfiguration;
			buildSettings = {
				ALWAYS_SEARCH_USER_PATHS = NO;
				CLANG_ANALYZER_NONNULL = YES;
				CLANG_ANALYZER_NUMBER_OBJECT_CONVERSION = YES_AGGRESSIVE;
				CLANG_CXX_LANGUAGE_STANDARD = "gnu++14";
				CLANG_CXX_LIBRARY = "libc++";
				CLANG_ENABLE_MODULES = YES;
				CLANG_ENABLE_OBJC_ARC = YES;
				CLANG_ENABLE_OBJC_WEAK = YES;
				CLANG_WARN_BLOCK_CAPTURE_AUTORELEASING = YES;
				CLANG_WARN_BOOL_CONVERSION = YES;
				CLANG_WARN_COMMA = YES;
				CLANG_WARN_CONSTANT_CONVERSION = YES;
				CLANG_WARN_DEPRECATED_OBJC_IMPLEMENTATIONS = YES;
				CLANG_WARN_DIRECT_OBJC_ISA_USAGE = YES_ERROR;
				CLANG_WARN_DOCUMENTATION_COMMENTS = YES;
				CLANG_WARN_EMPTY_BODY = YES;
				CLANG_WARN_ENUM_CONVERSION = YES;
				CLANG_WARN_INFINITE_RECURSION = YES;
				CLANG_WARN_INT_CONVERSION = YES;
				CLANG_WARN_NON_LITERAL_NULL_CONVERSION = YES;
				CLANG_WARN_OBJC_IMPLICIT_RETAIN_SELF = YES;
				CLANG_WARN_OBJC_LITERAL_CONVERSION = YES;
				CLANG_WARN_OBJC_ROOT_CLASS = YES_ERROR;
				CLANG_WARN_RANGE_LOOP_ANALYSIS = YES;
				CLANG_WARN_STRICT_PROTOTYPES = YES;
				CLANG_WARN_SUSPICIOUS_MOVE = YES;
				CLANG_WARN_UNGUARDED_AVAILABILITY = YES_AGGRESSIVE;
				CLANG_WARN_UNREACHABLE_CODE = YES;
				CLANG_WARN__DUPLICATE_METHOD_MATCH = YES;
				COPY_PHASE_STRIP = NO;
				DEBUG_INFORMATION_FORMAT = dwarf;
				ENABLE_STRICT_OBJC_MSGSEND = YES;
				ENABLE_TESTABILITY = YES;
				GCC_C_LANGUAGE_STANDARD = gnu11;
				GCC_DYNAMIC_NO_PIC = NO;
				GCC_NO_COMMON_BLOCKS = YES;
				GCC_OPTIMIZATION_LEVEL = 0;
				GCC_PREPROCESSOR_DEFINITIONS = (
					"DEBUG=1",
					"$(inherited)",
				);
				GCC_WARN_64_TO_32_BIT_CONVERSION = YES;
				GCC_WARN_ABOUT_RETURN_TYPE = YES_ERROR;
				GCC_WARN_UNDECLARED_SELECTOR = YES;
				GCC_WARN_UNINITIALIZED_AUTOS = YES_AGGRESSIVE;
				GCC_WARN_UNUSED_FUNCTION = YES;
				GCC_WARN_UNUSED_VARIABLE = YES;
				IPHONEOS_DEPLOYMENT_TARGET = 13.4;
				MTL_ENABLE_DEBUG_INFO = INCLUDE_SOURCE;
				MTL_FAST_MATH = YES;
				ONLY_ACTIVE_ARCH = YES;
				SDKROOT = iphoneos;
				SWIFT_ACTIVE_COMPILATION_CONDITIONS = DEBUG;
				SWIFT_OPTIMIZATION_LEVEL = "-Onone";
			};
			name = Debug;
		};
		4552126524765C36007B1196 /* Release */ = {
			isa = XCBuildConfiguration;
			buildSettings = {
				ALWAYS_SEARCH_USER_PATHS = NO;
				CLANG_ANALYZER_NONNULL = YES;
				CLANG_ANALYZER_NUMBER_OBJECT_CONVERSION = YES_AGGRESSIVE;
				CLANG_CXX_LANGUAGE_STANDARD = "gnu++14";
				CLANG_CXX_LIBRARY = "libc++";
				CLANG_ENABLE_MODULES = YES;
				CLANG_ENABLE_OBJC_ARC = YES;
				CLANG_ENABLE_OBJC_WEAK = YES;
				CLANG_WARN_BLOCK_CAPTURE_AUTORELEASING = YES;
				CLANG_WARN_BOOL_CONVERSION = YES;
				CLANG_WARN_COMMA = YES;
				CLANG_WARN_CONSTANT_CONVERSION = YES;
				CLANG_WARN_DEPRECATED_OBJC_IMPLEMENTATIONS = YES;
				CLANG_WARN_DIRECT_OBJC_ISA_USAGE = YES_ERROR;
				CLANG_WARN_DOCUMENTATION_COMMENTS = YES;
				CLANG_WARN_EMPTY_BODY = YES;
				CLANG_WARN_ENUM_CONVERSION = YES;
				CLANG_WARN_INFINITE_RECURSION = YES;
				CLANG_WARN_INT_CONVERSION = YES;
				CLANG_WARN_NON_LITERAL_NULL_CONVERSION = YES;
				CLANG_WARN_OBJC_IMPLICIT_RETAIN_SELF = YES;
				CLANG_WARN_OBJC_LITERAL_CONVERSION = YES;
				CLANG_WARN_OBJC_ROOT_CLASS = YES_ERROR;
				CLANG_WARN_RANGE_LOOP_ANALYSIS = YES;
				CLANG_WARN_STRICT_PROTOTYPES = YES;
				CLANG_WARN_SUSPICIOUS_MOVE = YES;
				CLANG_WARN_UNGUARDED_AVAILABILITY = YES_AGGRESSIVE;
				CLANG_WARN_UNREACHABLE_CODE = YES;
				CLANG_WARN__DUPLICATE_METHOD_MATCH = YES;
				COPY_PHASE_STRIP = NO;
				DEBUG_INFORMATION_FORMAT = "dwarf-with-dsym";
				ENABLE_NS_ASSERTIONS = NO;
				ENABLE_STRICT_OBJC_MSGSEND = YES;
				GCC_C_LANGUAGE_STANDARD = gnu11;
				GCC_NO_COMMON_BLOCKS = YES;
				GCC_WARN_64_TO_32_BIT_CONVERSION = YES;
				GCC_WARN_ABOUT_RETURN_TYPE = YES_ERROR;
				GCC_WARN_UNDECLARED_SELECTOR = YES;
				GCC_WARN_UNINITIALIZED_AUTOS = YES_AGGRESSIVE;
				GCC_WARN_UNUSED_FUNCTION = YES;
				GCC_WARN_UNUSED_VARIABLE = YES;
				IPHONEOS_DEPLOYMENT_TARGET = 13.4;
				MTL_ENABLE_DEBUG_INFO = NO;
				MTL_FAST_MATH = YES;
				SDKROOT = iphoneos;
				SWIFT_COMPILATION_MODE = wholemodule;
				SWIFT_OPTIMIZATION_LEVEL = "-O";
				VALIDATE_PRODUCT = YES;
			};
			name = Release;
		};
		4552126724765C36007B1196 /* Debug */ = {
			isa = XCBuildConfiguration;
			baseConfigurationReference = F4489F33EAF7BF70C48018B3 /* Pods-GiftList.debug.xcconfig */;
			buildSettings = {
				ASSETCATALOG_COMPILER_APPICON_NAME = AppIcon;
				CODE_SIGN_STYLE = Automatic;
				DEVELOPMENT_TEAM = 35935VLHQ7;
				INFOPLIST_FILE = GiftList/Info.plist;
				LD_RUNPATH_SEARCH_PATHS = (
					"$(inherited)",
					"@executable_path/Frameworks",
				);
				PRODUCT_BUNDLE_IDENTIFIER = com.JirkaSmela.GiftList;
				PRODUCT_NAME = "$(TARGET_NAME)";
				SWIFT_VERSION = 5.0;
				TARGETED_DEVICE_FAMILY = 1;
			};
			name = Debug;
		};
		4552126824765C36007B1196 /* Release */ = {
			isa = XCBuildConfiguration;
			baseConfigurationReference = 3EA7DC67C018309FD44C3884 /* Pods-GiftList.release.xcconfig */;
			buildSettings = {
				ASSETCATALOG_COMPILER_APPICON_NAME = AppIcon;
				CODE_SIGN_STYLE = Automatic;
				DEVELOPMENT_TEAM = 35935VLHQ7;
				INFOPLIST_FILE = GiftList/Info.plist;
				LD_RUNPATH_SEARCH_PATHS = (
					"$(inherited)",
					"@executable_path/Frameworks",
				);
				PRODUCT_BUNDLE_IDENTIFIER = com.JirkaSmela.GiftList;
				PRODUCT_NAME = "$(TARGET_NAME)";
				SWIFT_VERSION = 5.0;
				TARGETED_DEVICE_FAMILY = 1;
			};
			name = Release;
		};
/* End XCBuildConfiguration section */

/* Begin XCConfigurationList section */
		4552124D24765C34007B1196 /* Build configuration list for PBXProject "GiftList" */ = {
			isa = XCConfigurationList;
			buildConfigurations = (
				4552126424765C36007B1196 /* Debug */,
				4552126524765C36007B1196 /* Release */,
			);
			defaultConfigurationIsVisible = 0;
			defaultConfigurationName = Release;
		};
		4552126624765C36007B1196 /* Build configuration list for PBXNativeTarget "GiftList" */ = {
			isa = XCConfigurationList;
			buildConfigurations = (
				4552126724765C36007B1196 /* Debug */,
				4552126824765C36007B1196 /* Release */,
			);
			defaultConfigurationIsVisible = 0;
			defaultConfigurationName = Release;
		};
/* End XCConfigurationList section */
	};
	rootObject = 4552124A24765C34007B1196 /* Project object */;
}
